
Microsoft Visual Studio Solution File, Format Version 12.00
# Visual Studio Version 17
VisualStudioVersion = 17.6.33723.286
MinimumVisualStudioVersion = 10.0.40219.1
Project("{8BC9CEB8-8B4A-11D0-8D11-00A0C91BC942}") = "Engine", "Engine\Engine.vcxproj", "{69610F1E-F30E-4255-A949-8969DBBF416E}"
	ProjectSection(ProjectDependencies) = postProject
		{A2A1E888-2FF7-40FD-8F98-2412B9BF2A96} = {A2A1E888-2FF7-40FD-8F98-2412B9BF2A96}
	EndProjectSection
EndProject
Project("{8BC9CEB8-8B4A-11D0-8D11-00A0C91BC942}") = "Game", "Game\Game.vcxproj", "{34558856-DCD4-45BD-AD19-47AD19B3D038}"
	ProjectSection(ProjectDependencies) = postProject
		{69610F1E-F30E-4255-A949-8969DBBF416E} = {69610F1E-F30E-4255-A949-8969DBBF416E}
	EndProjectSection
EndProject
Project("{2150E333-8FDC-42A3-9474-1A3956D46DE8}") = "external", "external", "{4E9B2A2F-65C9-4682-9285-CD6223B3322D}"
EndProject
Project("{8BC9CEB8-8B4A-11D0-8D11-00A0C91BC942}") = "imgui", "external\imgui\imgui.vcxproj", "{A2A1E888-2FF7-40FD-8F98-2412B9BF2A96}"
EndProject
Global
	GlobalSection(SolutionConfigurationPlatforms) = preSolution
		Debug|x64 = Debug|x64
		Release|x64 = Release|x64
	EndGlobalSection
	GlobalSection(ProjectConfigurationPlatforms) = postSolution
		{69610F1E-F30E-4255-A949-8969DBBF416E}.Debug|x64.ActiveCfg = Debug|x64
		{69610F1E-F30E-4255-A949-8969DBBF416E}.Debug|x64.Build.0 = Debug|x64
		{69610F1E-F30E-4255-A949-8969DBBF416E}.Release|x64.ActiveCfg = Release|x64
		{69610F1E-F30E-4255-A949-8969DBBF416E}.Release|x64.Build.0 = Release|x64
		{34558856-DCD4-45BD-AD19-47AD19B3D038}.Debug|x64.ActiveCfg = Debug|x64
		{34558856-DCD4-45BD-AD19-47AD19B3D038}.Debug|x64.Build.0 = Debug|x64
		{34558856-DCD4-45BD-AD19-47AD19B3D038}.Release|x64.ActiveCfg = Release|x64
		{34558856-DCD4-45BD-AD19-47AD19B3D038}.Release|x64.Build.0 = Release|x64
		{A2A1E888-2FF7-40FD-8F98-2412B9BF2A96}.Debug|x64.ActiveCfg = Debug|x64
		{A2A1E888-2FF7-40FD-8F98-2412B9BF2A96}.Debug|x64.Build.0 = Debug|x64
		{A2A1E888-2FF7-40FD-8F98-2412B9BF2A96}.Release|x64.ActiveCfg = Release|x64
		{A2A1E888-2FF7-40FD-8F98-2412B9BF2A96}.Release|x64.Build.0 = Release|x64
	EndGlobalSection
	GlobalSection(SolutionProperties) = preSolution
		HideSolutionNode = FALSE
	EndGlobalSection
	GlobalSection(NestedProjects) = preSolution
		{A2A1E888-2FF7-40FD-8F98-2412B9BF2A96} = {4E9B2A2F-65C9-4682-9285-CD6223B3322D}
	EndGlobalSection
	GlobalSection(ExtensibilityGlobals) = postSolution
		SolutionGuid = {0BC6FB2B-EC73-41E7-B7D9-04AA37C78F64}
	EndGlobalSection
EndGlobal
